
Microsoft Visual Studio Solution File, Format Version 12.00
# Visual Studio 14
VisualStudioVersion = 14.0.25420.1
MinimumVisualStudioVersion = 10.0.40219.1
Project("{FAE04EC0-301F-11D3-BF4B-00C04F79EFBC}") = "APP.Credential.Desktop", "APP.Credential\APP.Credential.Desktop\APP.Credential.Desktop.csproj", "{DC809333-3CD3-4F05-97CA-3D07A65B202C}"
EndProject
Project("{FAE04EC0-301F-11D3-BF4B-00C04F79EFBC}") = "APP.Credential.Application", "APP.Credential\APP.Credential.Application\APP.Credential.Application.csproj", "{52AAB9B9-7AFB-489F-9D33-64A9A5F3B723}"
EndProject
Project("{FAE04EC0-301F-11D3-BF4B-00C04F79EFBC}") = "APP.Credential.Infrastructure", "APP.Credential\APP.Credential.Infrastructure\APP.Credential.Infrastructure.csproj", "{99F8B727-06DF-41AA-A9FD-A5FC9A61754C}"
EndProject
Project("{FAE04EC0-301F-11D3-BF4B-00C04F79EFBC}") = "APP.Credential.Domain", "APP.Credential\APP.Credential.Domain\APP.Credential.Domain.csproj", "{7CC8F0A4-8EE8-4CF1-8764-8AD917C33CE9}"
EndProject
Project("{FAE04EC0-301F-11D3-BF4B-00C04F79EFBC}") = "Packages", "APP.Credential\Packages\Packages.csproj", "{36C7B7DE-DE5D-46FC-95F5-382A3D1B5AB1}"
EndProject
Project("{FAE04EC0-301F-11D3-BF4B-00C04F79EFBC}") = "APP.Credential.Api", "APP.Credential\APP.Credential.Api\APP.Credential.Api.csproj", "{5F6127E6-6A22-4E2B-8FE4-CB84ADFDB794}"
EndProject
Global
	GlobalSection(SolutionConfigurationPlatforms) = preSolution
		Debug|Any CPU = Debug|Any CPU
		Debug|x86 = Debug|x86
		Release|Any CPU = Release|Any CPU
		Release|x86 = Release|x86
	EndGlobalSection
	GlobalSection(ProjectConfigurationPlatforms) = postSolution
		{DC809333-3CD3-4F05-97CA-3D07A65B202C}.Debug|Any CPU.ActiveCfg = Debug|x86
		{DC809333-3CD3-4F05-97CA-3D07A65B202C}.Debug|x86.ActiveCfg = Debug|x86
		{DC809333-3CD3-4F05-97CA-3D07A65B202C}.Debug|x86.Build.0 = Debug|x86
		{DC809333-3CD3-4F05-97CA-3D07A65B202C}.Release|Any CPU.ActiveCfg = Release|x86
		{DC809333-3CD3-4F05-97CA-3D07A65B202C}.Release|x86.ActiveCfg = Release|x86
		{DC809333-3CD3-4F05-97CA-3D07A65B202C}.Release|x86.Build.0 = Release|x86
		{52AAB9B9-7AFB-489F-9D33-64A9A5F3B723}.Debug|Any CPU.ActiveCfg = Debug|Any CPU
		{52AAB9B9-7AFB-489F-9D33-64A9A5F3B723}.Debug|Any CPU.Build.0 = Debug|Any CPU
		{52AAB9B9-7AFB-489F-9D33-64A9A5F3B723}.Debug|x86.ActiveCfg = Debug|Any CPU
		{52AAB9B9-7AFB-489F-9D33-64A9A5F3B723}.Debug|x86.Build.0 = Debug|Any CPU
		{52AAB9B9-7AFB-489F-9D33-64A9A5F3B723}.Release|Any CPU.ActiveCfg = Release|Any CPU
		{52AAB9B9-7AFB-489F-9D33-64A9A5F3B723}.Release|Any CPU.Build.0 = Release|Any CPU
		{52AAB9B9-7AFB-489F-9D33-64A9A5F3B723}.Release|x86.ActiveCfg = Release|Any CPU
		{52AAB9B9-7AFB-489F-9D33-64A9A5F3B723}.Release|x86.Build.0 = Release|Any CPU
		{99F8B727-06DF-41AA-A9FD-A5FC9A61754C}.Debug|Any CPU.ActiveCfg = Debug|Any CPU
		{99F8B727-06DF-41AA-A9FD-A5FC9A61754C}.Debug|Any CPU.Build.0 = Debug|Any CPU
		{99F8B727-06DF-41AA-A9FD-A5FC9A61754C}.Debug|x86.ActiveCfg = Debug|Any CPU
		{99F8B727-06DF-41AA-A9FD-A5FC9A61754C}.Debug|x86.Build.0 = Debug|Any CPU
		{99F8B727-06DF-41AA-A9FD-A5FC9A61754C}.Release|Any CPU.ActiveCfg = Release|Any CPU
		{99F8B727-06DF-41AA-A9FD-A5FC9A61754C}.Release|Any CPU.Build.0 = Release|Any CPU
		{99F8B727-06DF-41AA-A9FD-A5FC9A61754C}.Release|x86.ActiveCfg = Release|Any CPU
		{99F8B727-06DF-41AA-A9FD-A5FC9A61754C}.Release|x86.Build.0 = Release|Any CPU
		{7CC8F0A4-8EE8-4CF1-8764-8AD917C33CE9}.Debug|Any CPU.ActiveCfg = Debug|Any CPU
		{7CC8F0A4-8EE8-4CF1-8764-8AD917C33CE9}.Debug|Any CPU.Build.0 = Debug|Any CPU
		{7CC8F0A4-8EE8-4CF1-8764-8AD917C33CE9}.Debug|x86.ActiveCfg = Debug|Any CPU
		{7CC8F0A4-8EE8-4CF1-8764-8AD917C33CE9}.Debug|x86.Build.0 = Debug|Any CPU
		{7CC8F0A4-8EE8-4CF1-8764-8AD917C33CE9}.Release|Any CPU.ActiveCfg = Release|Any CPU
		{7CC8F0A4-8EE8-4CF1-8764-8AD917C33CE9}.Release|Any CPU.Build.0 = Release|Any CPU
		{7CC8F0A4-8EE8-4CF1-8764-8AD917C33CE9}.Release|x86.ActiveCfg = Release|Any CPU
		{7CC8F0A4-8EE8-4CF1-8764-8AD917C33CE9}.Release|x86.Build.0 = Release|Any CPU
		{36C7B7DE-DE5D-46FC-95F5-382A3D1B5AB1}.Debug|Any CPU.ActiveCfg = Debug|Any CPU
		{36C7B7DE-DE5D-46FC-95F5-382A3D1B5AB1}.Debug|Any CPU.Build.0 = Debug|Any CPU
		{36C7B7DE-DE5D-46FC-95F5-382A3D1B5AB1}.Debug|x86.ActiveCfg = Debug|Any CPU
		{36C7B7DE-DE5D-46FC-95F5-382A3D1B5AB1}.Debug|x86.Build.0 = Debug|Any CPU
		{36C7B7DE-DE5D-46FC-95F5-382A3D1B5AB1}.Release|Any CPU.ActiveCfg = Release|Any CPU
		{36C7B7DE-DE5D-46FC-95F5-382A3D1B5AB1}.Release|Any CPU.Build.0 = Release|Any CPU
		{36C7B7DE-DE5D-46FC-95F5-382A3D1B5AB1}.Release|x86.ActiveCfg = Release|Any CPU
		{36C7B7DE-DE5D-46FC-95F5-382A3D1B5AB1}.Release|x86.Build.0 = Release|Any CPU
		{5F6127E6-6A22-4E2B-8FE4-CB84ADFDB794}.Debug|Any CPU.ActiveCfg = Debug|Any CPU
		{5F6127E6-6A22-4E2B-8FE4-CB84ADFDB794}.Debug|Any CPU.Build.0 = Debug|Any CPU
		{5F6127E6-6A22-4E2B-8FE4-CB84ADFDB794}.Debug|x86.ActiveCfg = Debug|Any CPU
		{5F6127E6-6A22-4E2B-8FE4-CB84ADFDB794}.Debug|x86.Build.0 = Debug|Any CPU
		{5F6127E6-6A22-4E2B-8FE4-CB84ADFDB794}.Release|Any CPU.ActiveCfg = Release|Any CPU
		{5F6127E6-6A22-4E2B-8FE4-CB84ADFDB794}.Release|Any CPU.Build.0 = Release|Any CPU
		{5F6127E6-6A22-4E2B-8FE4-CB84ADFDB794}.Release|x86.ActiveCfg = Release|Any CPU
		{5F6127E6-6A22-4E2B-8FE4-CB84ADFDB794}.Release|x86.Build.0 = Release|Any CPU
	EndGlobalSection
	GlobalSection(SolutionProperties) = preSolution
		HideSolutionNode = FALSE
	EndGlobalSection
EndGlobal
